
Microsoft Visual Studio Solution File, Format Version 12.00
# Visual Studio 15
VisualStudioVersion = 15.0.28010.2048
MinimumVisualStudioVersion = 10.0.40219.1
Project("{9A19103F-16F7-4668-BE54-9A1E7A4F7556}") = "Day10", "Day10.csproj", "{84193804-ABCB-4A33-B237-440CABD1D6D8}"
EndProject
Global
	GlobalSection(SolutionConfigurationPlatforms) = preSolution
		Debug|Any CPU = Debug|Any CPU
		Release|Any CPU = Release|Any CPU
	EndGlobalSection
	GlobalSection(ProjectConfigurationPlatforms) = postSolution
		{84193804-ABCB-4A33-B237-440CABD1D6D8}.Debug|Any CPU.ActiveCfg = Debug|Any CPU
		{84193804-ABCB-4A33-B237-440CABD1D6D8}.Debug|Any CPU.Build.0 = Debug|Any CPU
		{84193804-ABCB-4A33-B237-440CABD1D6D8}.Release|Any CPU.ActiveCfg = Release|Any CPU
		{84193804-ABCB-4A33-B237-440CABD1D6D8}.Release|Any CPU.Build.0 = Release|Any CPU
	EndGlobalSection
	GlobalSection(SolutionProperties) = preSolution
		HideSolutionNode = FALSE
	EndGlobalSection
	GlobalSection(ExtensibilityGlobals) = postSolution
		SolutionGuid = {57E2E5AC-FB98-4897-BAF4-FF90F97960FF}
	EndGlobalSection
EndGlobal
