
Microsoft Visual Studio Solution File, Format Version 12.00
# Visual Studio 15
VisualStudioVersion = 15.0.28010.2046
MinimumVisualStudioVersion = 10.0.40219.1
Project("{9A19103F-16F7-4668-BE54-9A1E7A4F7556}") = "Day5", "Day5.csproj", "{8CE9CC77-F1EF-4F0A-98FB-079AF09D9645}"
EndProject
Global
	GlobalSection(SolutionConfigurationPlatforms) = preSolution
		Debug|Any CPU = Debug|Any CPU
		Release|Any CPU = Release|Any CPU
	EndGlobalSection
	GlobalSection(ProjectConfigurationPlatforms) = postSolution
		{8CE9CC77-F1EF-4F0A-98FB-079AF09D9645}.Debug|Any CPU.ActiveCfg = Debug|Any CPU
		{8CE9CC77-F1EF-4F0A-98FB-079AF09D9645}.Debug|Any CPU.Build.0 = Debug|Any CPU
		{8CE9CC77-F1EF-4F0A-98FB-079AF09D9645}.Release|Any CPU.ActiveCfg = Release|Any CPU
		{8CE9CC77-F1EF-4F0A-98FB-079AF09D9645}.Release|Any CPU.Build.0 = Release|Any CPU
	EndGlobalSection
	GlobalSection(SolutionProperties) = preSolution
		HideSolutionNode = FALSE
	EndGlobalSection
	GlobalSection(ExtensibilityGlobals) = postSolution
		SolutionGuid = {C9B385A3-3F5E-4A0C-BD50-AAA83FC1DD0B}
	EndGlobalSection
EndGlobal
